// !$*UTF8*$!
{
	archiveVersion = 1;
	classes = {
	};
	objectVersion = 77;
	objects = {

/* Begin PBXBuildFile section */
		AC12619A2F370A6A0062A07E /* AppDelegate.swift in Sources */ = {isa = PBXBuildFile; fileRef = AC1261992F370A6A0062A07E /* AppDelegate.swift */; };
		AC12619C2F370A6A0062A07E /* SceneDelegate.swift in Sources */ = {isa = PBXBuildFile; fileRef = AC12619B2F370A6A0062A07E /* SceneDelegate.swift */; };
		AC12619F2F370A6A0062A07E /* LaunchScreen.storyboard in Resources */ = {isa = PBXBuildFile; fileRef = AC12619D2F370A6A0062A07E /* LaunchScreen.storyboard */; };
		AC1261A22F370A6A0062A07E /* Main.storyboard in Resources */ = {isa = PBXBuildFile; fileRef = AC1261A02F370A6A0062A07E /* Main.storyboard */; };
		AC1261AB2F370A6A0062A07E /* AppDelegate.swift in Sources */ = {isa = PBXBuildFile; fileRef = AC1261AA2F370A6A0062A07E /* AppDelegate.swift */; };
		AC1261AE2F370A6A0062A07E /* Main.storyboard in Resources */ = {isa = PBXBuildFile; fileRef = AC1261AC2F370A6A0062A07E /* Main.storyboard */; };
		AC1261B62F370A6A0062A07E /* Chat with Webpage Extension.appex in Embed Foundation Extensions */ = {isa = PBXBuildFile; fileRef = AC1261B52F370A6A0062A07E /* Chat with Webpage Extension.appex */; settings = {ATTRIBUTES = (RemoveHeadersOnCopy, ); }; };
		AC1261C02F370A6A0062A07E /* Chat with Webpage Extension.appex in Embed Foundation Extensions */ = {isa = PBXBuildFile; fileRef = AC1261BF2F370A6A0062A07E /* Chat with Webpage Extension.appex */; settings = {ATTRIBUTES = (RemoveHeadersOnCopy, ); }; };
		AC1261C62F370A6A0062A07E /* Main.html in Resources */ = {isa = PBXBuildFile; fileRef = AC1261892F370A640062A07E /* Main.html */; };
		AC1261C72F370A6A0062A07E /* Main.html in Resources */ = {isa = PBXBuildFile; fileRef = AC1261892F370A640062A07E /* Main.html */; };
		AC1261C82F370A6A0062A07E /* Icon.png in Resources */ = {isa = PBXBuildFile; fileRef = AC12618B2F370A640062A07E /* Icon.png */; };
		AC1261C92F370A6A0062A07E /* Icon.png in Resources */ = {isa = PBXBuildFile; fileRef = AC12618B2F370A640062A07E /* Icon.png */; };
		AC1261CA2F370A6A0062A07E /* Style.css in Resources */ = {isa = PBXBuildFile; fileRef = AC12618C2F370A640062A07E /* Style.css */; };
		AC1261CB2F370A6A0062A07E /* Style.css in Resources */ = {isa = PBXBuildFile; fileRef = AC12618C2F370A640062A07E /* Style.css */; };
		AC1261CC2F370A6A0062A07E /* Script.js in Resources */ = {isa = PBXBuildFile; fileRef = AC12618D2F370A640062A07E /* Script.js */; };
		AC1261CD2F370A6A0062A07E /* Script.js in Resources */ = {isa = PBXBuildFile; fileRef = AC12618D2F370A640062A07E /* Script.js */; };
		AC1261CE2F370A6A0062A07E /* ViewController.swift in Sources */ = {isa = PBXBuildFile; fileRef = AC12618E2F370A640062A07E /* ViewController.swift */; };
		AC1261CF2F370A6A0062A07E /* ViewController.swift in Sources */ = {isa = PBXBuildFile; fileRef = AC12618E2F370A640062A07E /* ViewController.swift */; };
		AC1261D02F370A6A0062A07E /* Assets.xcassets in Resources */ = {isa = PBXBuildFile; fileRef = AC12618F2F370A6A0062A07E /* Assets.xcassets */; };
		AC1261D12F370A6A0062A07E /* Assets.xcassets in Resources */ = {isa = PBXBuildFile; fileRef = AC12618F2F370A6A0062A07E /* Assets.xcassets */; };
		AC1261D22F370A6A0062A07E /* SafariWebExtensionHandler.swift in Sources */ = {isa = PBXBuildFile; fileRef = AC1261912F370A6A0062A07E /* SafariWebExtensionHandler.swift */; };
		AC1261D32F370A6A0062A07E /* SafariWebExtensionHandler.swift in Sources */ = {isa = PBXBuildFile; fileRef = AC1261912F370A6A0062A07E /* SafariWebExtensionHandler.swift */; };
		AC1261F02F370A6B0062A07E /* offscreen.html in Resources */ = {isa = PBXBuildFile; fileRef = AC1261E52F370A6B0062A07E /* offscreen.html */; };
		AC1261F12F370A6B0062A07E /* dist in Resources */ = {isa = PBXBuildFile; fileRef = AC1261E62F370A6B0062A07E /* dist */; };
		AC1261F22F370A6B0062A07E /* popup.html in Resources */ = {isa = PBXBuildFile; fileRef = AC1261E72F370A6B0062A07E /* popup.html */; };
		AC1261F32F370A6B0062A07E /* node_modules in Resources */ = {isa = PBXBuildFile; fileRef = AC1261E82F370A6B0062A07E /* node_modules */; };
		AC1261F42F370A6B0062A07E /* package.json in Resources */ = {isa = PBXBuildFile; fileRef = AC1261E92F370A6B0062A07E /* package.json */; };
		AC1261F52F370A6B0062A07E /* icons in Resources */ = {isa = PBXBuildFile; fileRef = AC1261EB2F370A6B0062A07E /* icons */; };
		AC1261F62F370A6B0062A07E /* manifest.json in Resources */ = {isa = PBXBuildFile; fileRef = AC1261EC2F370A6B0062A07E /* manifest.json */; };
		AC1261F72F370A6B0062A07E /* tsconfig.json in Resources */ = {isa = PBXBuildFile; fileRef = AC1261ED2F370A6B0062A07E /* tsconfig.json */; };
		AC1261F82F370A6B0062A07E /* popup.css in Resources */ = {isa = PBXBuildFile; fileRef = AC1261EE2F370A6B0062A07E /* popup.css */; };
		AC1261F92F370A6B0062A07E /* src in Resources */ = {isa = PBXBuildFile; fileRef = AC1261EF2F370A6B0062A07E /* src */; };
		AC1261FA2F370A6B0062A07E /* offscreen.html in Resources */ = {isa = PBXBuildFile; fileRef = AC1261E52F370A6B0062A07E /* offscreen.html */; };
		AC1261FB2F370A6B0062A07E /* dist in Resources */ = {isa = PBXBuildFile; fileRef = AC1261E62F370A6B0062A07E /* dist */; };
		AC1261FC2F370A6B0062A07E /* popup.html in Resources */ = {isa = PBXBuildFile; fileRef = AC1261E72F370A6B0062A07E /* popup.html */; };
		AC1261FD2F370A6B0062A07E /* node_modules in Resources */ = {isa = PBXBuildFile; fileRef = AC1261E82F370A6B0062A07E /* node_modules */; };
		AC1261FE2F370A6B0062A07E /* package.json in Resources */ = {isa = PBXBuildFile; fileRef = AC1261E92F370A6B0062A07E /* package.json */; };
		AC1261FF2F370A6B0062A07E /* icons in Resources */ = {isa = PBXBuildFile; fileRef = AC1261EB2F370A6B0062A07E /* icons */; };
		AC1262002F370A6B0062A07E /* manifest.json in Resources */ = {isa = PBXBuildFile; fileRef = AC1261EC2F370A6B0062A07E /* manifest.json */; };
		AC1262012F370A6B0062A07E /* tsconfig.json in Resources */ = {isa = PBXBuildFile; fileRef = AC1261ED2F370A6B0062A07E /* tsconfig.json */; };
		AC1262022F370A6B0062A07E /* popup.css in Resources */ = {isa = PBXBuildFile; fileRef = AC1261EE2F370A6B0062A07E /* popup.css */; };
		AC1262032F370A6B0062A07E /* src in Resources */ = {isa = PBXBuildFile; fileRef = AC1261EF2F370A6B0062A07E /* src */; };
/* End PBXBuildFile section */

/* Begin PBXContainerItemProxy section */
		AC1261B72F370A6A0062A07E /* PBXContainerItemProxy */ = {
			isa = PBXContainerItemProxy;
			containerPortal = AC1261832F370A640062A07E /* Project object */;
			proxyType = 1;
			remoteGlobalIDString = AC1261B42F370A6A0062A07E;
			remoteInfo = "Chat with Webpage Extension (iOS)";
		};
		AC1261C12F370A6A0062A07E /* PBXContainerItemProxy */ = {
			isa = PBXContainerItemProxy;
			containerPortal = AC1261832F370A640062A07E /* Project object */;
			proxyType = 1;
			remoteGlobalIDString = AC1261BE2F370A6A0062A07E;
			remoteInfo = "Chat with Webpage Extension (macOS)";
		};
/* End PBXContainerItemProxy section */

/* Begin PBXCopyFilesBuildPhase section */
		AC1261D92F370A6A0062A07E /* Embed Foundation Extensions */ = {
			isa = PBXCopyFilesBuildPhase;
			buildActionMask = 2147483647;
			dstPath = "";
			dstSubfolderSpec = 13;
			files = (
				AC1261B62F370A6A0062A07E /* Chat with Webpage Extension.appex in Embed Foundation Extensions */,
			);
			name = "Embed Foundation Extensions";
			runOnlyForDeploymentPostprocessing = 0;
		};
		AC1261E02F370A6A0062A07E /* Embed Foundation Extensions */ = {
			isa = PBXCopyFilesBuildPhase;
			buildActionMask = 2147483647;
			dstPath = "";
			dstSubfolderSpec = 13;
			files = (
				AC1261C02F370A6A0062A07E /* Chat with Webpage Extension.appex in Embed Foundation Extensions */,
			);
			name = "Embed Foundation Extensions";
			runOnlyForDeploymentPostprocessing = 0;
		};
/* End PBXCopyFilesBuildPhase section */

/* Begin PBXFileReference section */
		AC12618A2F370A640062A07E /* Base */ = {isa = PBXFileReference; lastKnownFileType = text.html; name = Base; path = Base.lproj/Main.html; sourceTree = "<group>"; };
		AC12618B2F370A640062A07E /* Icon.png */ = {isa = PBXFileReference; lastKnownFileType = image.png; path = Icon.png; sourceTree = "<group>"; };
		AC12618C2F370A640062A07E /* Style.css */ = {isa = PBXFileReference; lastKnownFileType = text.css; path = Style.css; sourceTree = "<group>"; };
		AC12618D2F370A640062A07E /* Script.js */ = {isa = PBXFileReference; lastKnownFileType = sourcecode.javascript; path = Script.js; sourceTree = "<group>"; };
		AC12618E2F370A640062A07E /* ViewController.swift */ = {isa = PBXFileReference; lastKnownFileType = sourcecode.swift; path = ViewController.swift; sourceTree = "<group>"; };
		AC12618F2F370A6A0062A07E /* Assets.xcassets */ = {isa = PBXFileReference; lastKnownFileType = folder.assetcatalog; path = Assets.xcassets; sourceTree = "<group>"; };
		AC1261912F370A6A0062A07E /* SafariWebExtensionHandler.swift */ = {isa = PBXFileReference; lastKnownFileType = sourcecode.swift; path = SafariWebExtensionHandler.swift; sourceTree = "<group>"; };
		AC1261962F370A6A0062A07E /* Chat with Webpage.app */ = {isa = PBXFileReference; explicitFileType = wrapper.application; includeInIndex = 0; path = "Chat with Webpage.app"; sourceTree = BUILT_PRODUCTS_DIR; };
		AC1261992F370A6A0062A07E /* AppDelegate.swift */ = {isa = PBXFileReference; lastKnownFileType = sourcecode.swift; path = AppDelegate.swift; sourceTree = "<group>"; };
		AC12619B2F370A6A0062A07E /* SceneDelegate.swift */ = {isa = PBXFileReference; lastKnownFileType = sourcecode.swift; path = SceneDelegate.swift; sourceTree = "<group>"; };
		AC12619E2F370A6A0062A07E /* Base */ = {isa = PBXFileReference; lastKnownFileType = file.storyboard; name = Base; path = Base.lproj/LaunchScreen.storyboard; sourceTree = "<group>"; };
		AC1261A12F370A6A0062A07E /* Base */ = {isa = PBXFileReference; lastKnownFileType = file.storyboard; name = Base; path = Base.lproj/Main.storyboard; sourceTree = "<group>"; };
		AC1261A32F370A6A0062A07E /* Info.plist */ = {isa = PBXFileReference; lastKnownFileType = text.plist.xml; path = Info.plist; sourceTree = "<group>"; };
		AC1261A82F370A6A0062A07E /* Chat with Webpage.app */ = {isa = PBXFileReference; explicitFileType = wrapper.application; includeInIndex = 0; path = "Chat with Webpage.app"; sourceTree = BUILT_PRODUCTS_DIR; };
		AC1261AA2F370A6A0062A07E /* AppDelegate.swift */ = {isa = PBXFileReference; lastKnownFileType = sourcecode.swift; path = AppDelegate.swift; sourceTree = "<group>"; };
		AC1261AD2F370A6A0062A07E /* Base */ = {isa = PBXFileReference; lastKnownFileType = file.storyboard; name = Base; path = Base.lproj/Main.storyboard; sourceTree = "<group>"; };
		AC1261AF2F370A6A0062A07E /* Info.plist */ = {isa = PBXFileReference; lastKnownFileType = text.plist.xml; path = Info.plist; sourceTree = "<group>"; };
		AC1261B02F370A6A0062A07E /* Chat with Webpage.entitlements */ = {isa = PBXFileReference; lastKnownFileType = text.plist.entitlements; path = "Chat with Webpage.entitlements"; sourceTree = "<group>"; };
		AC1261B52F370A6A0062A07E /* Chat with Webpage Extension.appex */ = {isa = PBXFileReference; explicitFileType = "wrapper.app-extension"; includeInIndex = 0; path = "Chat with Webpage Extension.appex"; sourceTree = BUILT_PRODUCTS_DIR; };
		AC1261BA2F370A6A0062A07E /* Info.plist */ = {isa = PBXFileReference; lastKnownFileType = text.plist.xml; path = Info.plist; sourceTree = "<group>"; };
		AC1261BF2F370A6A0062A07E /* Chat with Webpage Extension.appex */ = {isa = PBXFileReference; explicitFileType = "wrapper.app-extension"; includeInIndex = 0; path = "Chat with Webpage Extension.appex"; sourceTree = BUILT_PRODUCTS_DIR; };
		AC1261C42F370A6A0062A07E /* Info.plist */ = {isa = PBXFileReference; lastKnownFileType = text.plist.xml; path = Info.plist; sourceTree = "<group>"; };
		AC1261C52F370A6A0062A07E /* Chat with Webpage.entitlements */ = {isa = PBXFileReference; lastKnownFileType = text.plist.entitlements; path = "Chat with Webpage.entitlements"; sourceTree = "<group>"; };
		AC1261E52F370A6B0062A07E /* offscreen.html */ = {isa = PBXFileReference; lastKnownFileType = text.html; name = offscreen.html; path = ../../../chrome/offscreen.html; sourceTree = "<group>"; };
		AC1261E62F370A6B0062A07E /* dist */ = {isa = PBXFileReference; lastKnownFileType = folder; name = dist; path = ../../../chrome/dist; sourceTree = "<group>"; };
		AC1261E72F370A6B0062A07E /* popup.html */ = {isa = PBXFileReference; lastKnownFileType = text.html; name = popup.html; path = ../../../chrome/popup.html; sourceTree = "<group>"; };
		AC1261E82F370A6B0062A07E /* node_modules */ = {isa = PBXFileReference; lastKnownFileType = folder; name = node_modules; path = ../../../chrome/node_modules; sourceTree = "<group>"; };
		AC1261E92F370A6B0062A07E /* package.json */ = {isa = PBXFileReference; lastKnownFileType = text.json; name = package.json; path = ../../../chrome/package.json; sourceTree = "<group>"; };
		AC1261EA2F370A6B0062A07E /* tsup.config.ts */ = {isa = PBXFileReference; lastKnownFileType = sourcecode.typescript; name = tsup.config.ts; path = ../../../chrome/tsup.config.ts; sourceTree = "<group>"; };
		AC1261EB2F370A6B0062A07E /* icons */ = {isa = PBXFileReference; lastKnownFileType = folder; name = icons; path = ../../../chrome/icons; sourceTree = "<group>"; };
		AC1261EC2F370A6B0062A07E /* manifest.json */ = {isa = PBXFileReference; lastKnownFileType = text.json; name = manifest.json; path = ../../../chrome/manifest.json; sourceTree = "<group>"; };
		AC1261ED2F370A6B0062A07E /* tsconfig.json */ = {isa = PBXFileReference; lastKnownFileType = text.json; name = tsconfig.json; path = ../../../chrome/tsconfig.json; sourceTree = "<group>"; };
		AC1261EE2F370A6B0062A07E /* popup.css */ = {isa = PBXFileReference; lastKnownFileType = text.css; name = popup.css; path = ../../../chrome/popup.css; sourceTree = "<group>"; };
		AC1261EF2F370A6B0062A07E /* src */ = {isa = PBXFileReference; lastKnownFileType = folder; name = src; path = ../../../chrome/src; sourceTree = "<group>"; };
/* End PBXFileReference section */

/* Begin PBXFrameworksBuildPhase section */
		AC1261932F370A6A0062A07E /* Frameworks */ = {
			isa = PBXFrameworksBuildPhase;
			buildActionMask = 2147483647;
			files = (
			);
			runOnlyForDeploymentPostprocessing = 0;
		};
		AC1261A52F370A6A0062A07E /* Frameworks */ = {
			isa = PBXFrameworksBuildPhase;
			buildActionMask = 2147483647;
			files = (
			);
			runOnlyForDeploymentPostprocessing = 0;
		};
		AC1261B22F370A6A0062A07E /* Frameworks */ = {
			isa = PBXFrameworksBuildPhase;
			buildActionMask = 2147483647;
			files = (
			);
			runOnlyForDeploymentPostprocessing = 0;
		};
		AC1261BC2F370A6A0062A07E /* Frameworks */ = {
			isa = PBXFrameworksBuildPhase;
			buildActionMask = 2147483647;
			files = (
			);
			runOnlyForDeploymentPostprocessing = 0;
		};
/* End PBXFrameworksBuildPhase section */

/* Begin PBXGroup section */
		AC1261822F370A640062A07E = {
			isa = PBXGroup;
			children = (
				AC1261872F370A640062A07E /* Shared (App) */,
				AC1261902F370A6A0062A07E /* Shared (Extension) */,
				AC1261982F370A6A0062A07E /* iOS (App) */,
				AC1261A92F370A6A0062A07E /* macOS (App) */,
				AC1261B92F370A6A0062A07E /* iOS (Extension) */,
				AC1261C32F370A6A0062A07E /* macOS (Extension) */,
				AC1261972F370A6A0062A07E /* Products */,
			);
			sourceTree = "<group>";
		};
		AC1261872F370A640062A07E /* Shared (App) */ = {
			isa = PBXGroup;
			children = (
				AC12618E2F370A640062A07E /* ViewController.swift */,
				AC12618F2F370A6A0062A07E /* Assets.xcassets */,
				AC1261882F370A640062A07E /* Resources */,
			);
			path = "Shared (App)";
			sourceTree = "<group>";
		};
		AC1261882F370A640062A07E /* Resources */ = {
			isa = PBXGroup;
			children = (
				AC1261892F370A640062A07E /* Main.html */,
				AC12618B2F370A640062A07E /* Icon.png */,
				AC12618C2F370A640062A07E /* Style.css */,
				AC12618D2F370A640062A07E /* Script.js */,
			);
			path = Resources;
			sourceTree = "<group>";
		};
		AC1261902F370A6A0062A07E /* Shared (Extension) */ = {
			isa = PBXGroup;
			children = (
				AC1261E42F370A6B0062A07E /* Resources */,
				AC1261912F370A6A0062A07E /* SafariWebExtensionHandler.swift */,
			);
			path = "Shared (Extension)";
			sourceTree = "<group>";
		};
		AC1261972F370A6A0062A07E /* Products */ = {
			isa = PBXGroup;
			children = (
				AC1261962F370A6A0062A07E /* Chat with Webpage.app */,
				AC1261A82F370A6A0062A07E /* Chat with Webpage.app */,
				AC1261B52F370A6A0062A07E /* Chat with Webpage Extension.appex */,
				AC1261BF2F370A6A0062A07E /* Chat with Webpage Extension.appex */,
			);
			name = Products;
			sourceTree = "<group>";
		};
		AC1261982F370A6A0062A07E /* iOS (App) */ = {
			isa = PBXGroup;
			children = (
				AC1261992F370A6A0062A07E /* AppDelegate.swift */,
				AC12619B2F370A6A0062A07E /* SceneDelegate.swift */,
				AC12619D2F370A6A0062A07E /* LaunchScreen.storyboard */,
				AC1261A02F370A6A0062A07E /* Main.storyboard */,
				AC1261A32F370A6A0062A07E /* Info.plist */,
			);
			path = "iOS (App)";
			sourceTree = "<group>";
		};
		AC1261A92F370A6A0062A07E /* macOS (App) */ = {
			isa = PBXGroup;
			children = (
				AC1261AA2F370A6A0062A07E /* AppDelegate.swift */,
				AC1261AC2F370A6A0062A07E /* Main.storyboard */,
				AC1261AF2F370A6A0062A07E /* Info.plist */,
				AC1261B02F370A6A0062A07E /* Chat with Webpage.entitlements */,
			);
			path = "macOS (App)";
			sourceTree = "<group>";
		};
		AC1261B92F370A6A0062A07E /* iOS (Extension) */ = {
			isa = PBXGroup;
			children = (
				AC1261BA2F370A6A0062A07E /* Info.plist */,
			);
			path = "iOS (Extension)";
			sourceTree = "<group>";
		};
		AC1261C32F370A6A0062A07E /* macOS (Extension) */ = {
			isa = PBXGroup;
			children = (
				AC1261C42F370A6A0062A07E /* Info.plist */,
				AC1261C52F370A6A0062A07E /* Chat with Webpage.entitlements */,
			);
			path = "macOS (Extension)";
			sourceTree = "<group>";
		};
		AC1261E42F370A6B0062A07E /* Resources */ = {
			isa = PBXGroup;
			children = (
				AC1261E52F370A6B0062A07E /* offscreen.html */,
				AC1261E62F370A6B0062A07E /* dist */,
				AC1261E72F370A6B0062A07E /* popup.html */,
				AC1261E82F370A6B0062A07E /* node_modules */,
				AC1261E92F370A6B0062A07E /* package.json */,
				AC1261EA2F370A6B0062A07E /* tsup.config.ts */,
				AC1261EB2F370A6B0062A07E /* icons */,
				AC1261EC2F370A6B0062A07E /* manifest.json */,
				AC1261ED2F370A6B0062A07E /* tsconfig.json */,
				AC1261EE2F370A6B0062A07E /* popup.css */,
				AC1261EF2F370A6B0062A07E /* src */,
			);
			name = Resources;
			path = "Shared (Extension)";
			sourceTree = SOURCE_ROOT;
		};
/* End PBXGroup section */

/* Begin PBXNativeTarget section */
		AC1261952F370A6A0062A07E /* Chat with Webpage (iOS) */ = {
			isa = PBXNativeTarget;
			buildConfigurationList = AC1261DA2F370A6A0062A07E /* Build configuration list for PBXNativeTarget "Chat with Webpage (iOS)" */;
			buildPhases = (
				AC1261922F370A6A0062A07E /* Sources */,
				AC1261932F370A6A0062A07E /* Frameworks */,
				AC1261942F370A6A0062A07E /* Resources */,
				AC1261D92F370A6A0062A07E /* Embed Foundation Extensions */,
			);
			buildRules = (
			);
			dependencies = (
				AC1261B82F370A6A0062A07E /* PBXTargetDependency */,
			);
			name = "Chat with Webpage (iOS)";
			packageProductDependencies = (
			);
			productName = "Chat with Webpage (iOS)";
			productReference = AC1261962F370A6A0062A07E /* Chat with Webpage.app */;
			productType = "com.apple.product-type.application";
		};
		AC1261A72F370A6A0062A07E /* Chat with Webpage (macOS) */ = {
			isa = PBXNativeTarget;
			buildConfigurationList = AC1261E12F370A6A0062A07E /* Build configuration list for PBXNativeTarget "Chat with Webpage (macOS)" */;
			buildPhases = (
				AC1261A42F370A6A0062A07E /* Sources */,
				AC1261A52F370A6A0062A07E /* Frameworks */,
				AC1261A62F370A6A0062A07E /* Resources */,
				AC1261E02F370A6A0062A07E /* Embed Foundation Extensions */,
			);
			buildRules = (
			);
			dependencies = (
				AC1261C22F370A6A0062A07E /* PBXTargetDependency */,
			);
			name = "Chat with Webpage (macOS)";
			packageProductDependencies = (
			);
			productName = "Chat with Webpage (macOS)";
			productReference = AC1261A82F370A6A0062A07E /* Chat with Webpage.app */;
			productType = "com.apple.product-type.application";
		};
		AC1261B42F370A6A0062A07E /* Chat with Webpage Extension (iOS) */ = {
			isa = PBXNativeTarget;
			buildConfigurationList = AC1261D62F370A6A0062A07E /* Build configuration list for PBXNativeTarget "Chat with Webpage Extension (iOS)" */;
			buildPhases = (
				AC1261B12F370A6A0062A07E /* Sources */,
				AC1261B22F370A6A0062A07E /* Frameworks */,
				AC1261B32F370A6A0062A07E /* Resources */,
			);
			buildRules = (
			);
			dependencies = (
			);
			name = "Chat with Webpage Extension (iOS)";
			packageProductDependencies = (
			);
			productName = "Chat with Webpage Extension (iOS)";
			productReference = AC1261B52F370A6A0062A07E /* Chat with Webpage Extension.appex */;
			productType = "com.apple.product-type.app-extension";
		};
		AC1261BE2F370A6A0062A07E /* Chat with Webpage Extension (macOS) */ = {
			isa = PBXNativeTarget;
			buildConfigurationList = AC1261DD2F370A6A0062A07E /* Build configuration list for PBXNativeTarget "Chat with Webpage Extension (macOS)" */;
			buildPhases = (
				AC1261BB2F370A6A0062A07E /* Sources */,
				AC1261BC2F370A6A0062A07E /* Frameworks */,
				AC1261BD2F370A6A0062A07E /* Resources */,
			);
			buildRules = (
			);
			dependencies = (
			);
			name = "Chat with Webpage Extension (macOS)";
			packageProductDependencies = (
			);
			productName = "Chat with Webpage Extension (macOS)";
			productReference = AC1261BF2F370A6A0062A07E /* Chat with Webpage Extension.appex */;
			productType = "com.apple.product-type.app-extension";
		};
/* End PBXNativeTarget section */

/* Begin PBXProject section */
		AC1261832F370A640062A07E /* Project object */ = {
			isa = PBXProject;
			attributes = {
				BuildIndependentTargetsInParallel = 1;
				LastSwiftUpdateCheck = 1610;
				LastUpgradeCheck = 1610;
				TargetAttributes = {
					AC1261952F370A6A0062A07E = {
						CreatedOnToolsVersion = 16.1;
					};
					AC1261A72F370A6A0062A07E = {
						CreatedOnToolsVersion = 16.1;
					};
					AC1261B42F370A6A0062A07E = {
						CreatedOnToolsVersion = 16.1;
					};
					AC1261BE2F370A6A0062A07E = {
						CreatedOnToolsVersion = 16.1;
					};
				};
			};
			buildConfigurationList = AC1261862F370A640062A07E /* Build configuration list for PBXProject "Chat with Webpage" */;
			developmentRegion = en;
			hasScannedForEncodings = 0;
			knownRegions = (
				en,
				Base,
			);
			mainGroup = AC1261822F370A640062A07E;
			minimizedProjectReferenceProxies = 1;
			preferredProjectObjectVersion = 77;
			productRefGroup = AC1261972F370A6A0062A07E /* Products */;
			projectDirPath = "";
			projectRoot = "";
			targets = (
				AC1261952F370A6A0062A07E /* Chat with Webpage (iOS) */,
				AC1261A72F370A6A0062A07E /* Chat with Webpage (macOS) */,
				AC1261B42F370A6A0062A07E /* Chat with Webpage Extension (iOS) */,
				AC1261BE2F370A6A0062A07E /* Chat with Webpage Extension (macOS) */,
			);
		};
/* End PBXProject section */

/* Begin PBXResourcesBuildPhase section */
		AC1261942F370A6A0062A07E /* Resources */ = {
			isa = PBXResourcesBuildPhase;
			buildActionMask = 2147483647;
			files = (
				AC1261C82F370A6A0062A07E /* Icon.png in Resources */,
				AC12619F2F370A6A0062A07E /* LaunchScreen.storyboard in Resources */,
				AC1261C62F370A6A0062A07E /* Main.html in Resources */,
				AC1261CC2F370A6A0062A07E /* Script.js in Resources */,
				AC1261D02F370A6A0062A07E /* Assets.xcassets in Resources */,
				AC1261A22F370A6A0062A07E /* Main.storyboard in Resources */,
				AC1261CA2F370A6A0062A07E /* Style.css in Resources */,
			);
			runOnlyForDeploymentPostprocessing = 0;
		};
		AC1261A62F370A6A0062A07E /* Resources */ = {
			isa = PBXResourcesBuildPhase;
			buildActionMask = 2147483647;
			files = (
				AC1261C92F370A6A0062A07E /* Icon.png in Resources */,
				AC1261CB2F370A6A0062A07E /* Style.css in Resources */,
				AC1261AE2F370A6A0062A07E /* Main.storyboard in Resources */,
				AC1261CD2F370A6A0062A07E /* Script.js in Resources */,
				AC1261D12F370A6A0062A07E /* Assets.xcassets in Resources */,
				AC1261C72F370A6A0062A07E /* Main.html in Resources */,
			);
			runOnlyForDeploymentPostprocessing = 0;
		};
		AC1261B32F370A6A0062A07E /* Resources */ = {
			isa = PBXResourcesBuildPhase;
			buildActionMask = 2147483647;
			files = (
				AC1261FB2F370A6B0062A07E /* dist in Resources */,
				AC1262002F370A6B0062A07E /* manifest.json in Resources */,
				AC1262012F370A6B0062A07E /* tsconfig.json in Resources */,
				AC1261FC2F370A6B0062A07E /* popup.html in Resources */,
				AC1261FD2F370A6B0062A07E /* node_modules in Resources */,
				AC1262022F370A6B0062A07E /* popup.css in Resources */,
				AC1261FF2F370A6B0062A07E /* icons in Resources */,
				AC1261FA2F370A6B0062A07E /* offscreen.html in Resources */,
				AC1261FE2F370A6B0062A07E /* package.json in Resources */,
				AC1262032F370A6B0062A07E /* src in Resources */,
			);
			runOnlyForDeploymentPostprocessing = 0;
		};
		AC1261BD2F370A6A0062A07E /* Resources */ = {
			isa = PBXResourcesBuildPhase;
			buildActionMask = 2147483647;
			files = (
				AC1261F12F370A6B0062A07E /* dist in Resources */,
				AC1261F62F370A6B0062A07E /* manifest.json in Resources */,
				AC1261F72F370A6B0062A07E /* tsconfig.json in Resources */,
				AC1261F22F370A6B0062A07E /* popup.html in Resources */,
				AC1261F32F370A6B0062A07E /* node_modules in Resources */,
				AC1261F82F370A6B0062A07E /* popup.css in Resources */,
				AC1261F52F370A6B0062A07E /* icons in Resources */,
				AC1261F02F370A6B0062A07E /* offscreen.html in Resources */,
				AC1261F42F370A6B0062A07E /* package.json in Resources */,
				AC1261F92F370A6B0062A07E /* src in Resources */,
			);
			runOnlyForDeploymentPostprocessing = 0;
		};
/* End PBXResourcesBuildPhase section */

/* Begin PBXSourcesBuildPhase section */
		AC1261922F370A6A0062A07E /* Sources */ = {
			isa = PBXSourcesBuildPhase;
			buildActionMask = 2147483647;
			files = (
				AC1261CE2F370A6A0062A07E /* ViewController.swift in Sources */,
				AC12619A2F370A6A0062A07E /* AppDelegate.swift in Sources */,
				AC12619C2F370A6A0062A07E /* SceneDelegate.swift in Sources */,
			);
			runOnlyForDeploymentPostprocessing = 0;
		};
		AC1261A42F370A6A0062A07E /* Sources */ = {
			isa = PBXSourcesBuildPhase;
			buildActionMask = 2147483647;
			files = (
				AC1261CF2F370A6A0062A07E /* ViewController.swift in Sources */,
				AC1261AB2F370A6A0062A07E /* AppDelegate.swift in Sources */,
			);
			runOnlyForDeploymentPostprocessing = 0;
		};
		AC1261B12F370A6A0062A07E /* Sources */ = {
			isa = PBXSourcesBuildPhase;
			buildActionMask = 2147483647;
			files = (
				AC1261D22F370A6A0062A07E /* SafariWebExtensionHandler.swift in Sources */,
			);
			runOnlyForDeploymentPostprocessing = 0;
		};
		AC1261BB2F370A6A0062A07E /* Sources */ = {
			isa = PBXSourcesBuildPhase;
			buildActionMask = 2147483647;
			files = (
				AC1261D32F370A6A0062A07E /* SafariWebExtensionHandler.swift in Sources */,
			);
			runOnlyForDeploymentPostprocessing = 0;
		};
/* End PBXSourcesBuildPhase section */

/* Begin PBXTargetDependency section */
		AC1261B82F370A6A0062A07E /* PBXTargetDependency */ = {
			isa = PBXTargetDependency;
			target = AC1261B42F370A6A0062A07E /* Chat with Webpage Extension (iOS) */;
			targetProxy = AC1261B72F370A6A0062A07E /* PBXContainerItemProxy */;
		};
		AC1261C22F370A6A0062A07E /* PBXTargetDependency */ = {
			isa = PBXTargetDependency;
			target = AC1261BE2F370A6A0062A07E /* Chat with Webpage Extension (macOS) */;
			targetProxy = AC1261C12F370A6A0062A07E /* PBXContainerItemProxy */;
		};
/* End PBXTargetDependency section */

/* Begin PBXVariantGroup section */
		AC1261892F370A640062A07E /* Main.html */ = {
			isa = PBXVariantGroup;
			children = (
				AC12618A2F370A640062A07E /* Base */,
			);
			name = Main.html;
			sourceTree = "<group>";
		};
		AC12619D2F370A6A0062A07E /* LaunchScreen.storyboard */ = {
			isa = PBXVariantGroup;
			children = (
				AC12619E2F370A6A0062A07E /* Base */,
			);
			name = LaunchScreen.storyboard;
			sourceTree = "<group>";
		};
		AC1261A02F370A6A0062A07E /* Main.storyboard */ = {
			isa = PBXVariantGroup;
			children = (
				AC1261A12F370A6A0062A07E /* Base */,
			);
			name = Main.storyboard;
			sourceTree = "<group>";
		};
		AC1261AC2F370A6A0062A07E /* Main.storyboard */ = {
			isa = PBXVariantGroup;
			children = (
				AC1261AD2F370A6A0062A07E /* Base */,
			);
			name = Main.storyboard;
			sourceTree = "<group>";
		};
/* End PBXVariantGroup section */

/* Begin XCBuildConfiguration section */
		AC1261D42F370A6A0062A07E /* Debug */ = {
			isa = XCBuildConfiguration;
			buildSettings = {
				ALWAYS_SEARCH_USER_PATHS = NO;
				ASSETCATALOG_COMPILER_GENERATE_SWIFT_ASSET_SYMBOL_EXTENSIONS = YES;
				CLANG_ANALYZER_NONNULL = YES;
				CLANG_ANALYZER_NUMBER_OBJECT_CONVERSION = YES_AGGRESSIVE;
				CLANG_CXX_LANGUAGE_STANDARD = "gnu++20";
				CLANG_ENABLE_MODULES = YES;
				CLANG_ENABLE_OBJC_ARC = YES;
				CLANG_ENABLE_OBJC_WEAK = YES;
				CLANG_WARN_BLOCK_CAPTURE_AUTORELEASING = YES;
				CLANG_WARN_BOOL_CONVERSION = YES;
				CLANG_WARN_COMMA = YES;
				CLANG_WARN_CONSTANT_CONVERSION = YES;
				CLANG_WARN_DEPRECATED_OBJC_IMPLEMENTATIONS = YES;
				CLANG_WARN_DIRECT_OBJC_ISA_USAGE = YES_ERROR;
				CLANG_WARN_DOCUMENTATION_COMMENTS = YES;
				CLANG_WARN_EMPTY_BODY = YES;
				CLANG_WARN_ENUM_CONVERSION = YES;
				CLANG_WARN_INFINITE_RECURSION = YES;
				CLANG_WARN_INT_CONVERSION = YES;
				CLANG_WARN_NON_LITERAL_NULL_CONVERSION = YES;
				CLANG_WARN_OBJC_IMPLICIT_RETAIN_SELF = YES;
				CLANG_WARN_OBJC_LITERAL_CONVERSION = YES;
				CLANG_WARN_OBJC_ROOT_CLASS = YES_ERROR;
				CLANG_WARN_QUOTED_INCLUDE_IN_FRAMEWORK_HEADER = YES;
				CLANG_WARN_RANGE_LOOP_ANALYSIS = YES;
				CLANG_WARN_STRICT_PROTOTYPES = YES;
				CLANG_WARN_SUSPICIOUS_MOVE = YES;
				CLANG_WARN_UNGUARDED_AVAILABILITY = YES_AGGRESSIVE;
				CLANG_WARN_UNREACHABLE_CODE = YES;
				CLANG_WARN__DUPLICATE_METHOD_MATCH = YES;
				COPY_PHASE_STRIP = NO;
				DEBUG_INFORMATION_FORMAT = dwarf;
				ENABLE_STRICT_OBJC_MSGSEND = YES;
				ENABLE_TESTABILITY = YES;
				ENABLE_USER_SCRIPT_SANDBOXING = YES;
				GCC_C_LANGUAGE_STANDARD = gnu17;
				GCC_DYNAMIC_NO_PIC = NO;
				GCC_NO_COMMON_BLOCKS = YES;
				GCC_OPTIMIZATION_LEVEL = 0;
				GCC_PREPROCESSOR_DEFINITIONS = (
					"DEBUG=1",
					"$(inherited)",
				);
				GCC_WARN_64_TO_32_BIT_CONVERSION = YES;
				GCC_WARN_ABOUT_RETURN_TYPE = YES_ERROR;
				GCC_WARN_UNDECLARED_SELECTOR = YES;
				GCC_WARN_UNINITIALIZED_AUTOS = YES_AGGRESSIVE;
				GCC_WARN_UNUSED_FUNCTION = YES;
				GCC_WARN_UNUSED_VARIABLE = YES;
				LOCALIZATION_PREFERS_STRING_CATALOGS = YES;
				MTL_ENABLE_DEBUG_INFO = INCLUDE_SOURCE;
				MTL_FAST_MATH = YES;
				ONLY_ACTIVE_ARCH = YES;
				SWIFT_ACTIVE_COMPILATION_CONDITIONS = "DEBUG $(inherited)";
				SWIFT_OPTIMIZATION_LEVEL = "-Onone";
			};
			name = Debug;
		};
		AC1261D52F370A6A0062A07E /* Release */ = {
			isa = XCBuildConfiguration;
			buildSettings = {
				ALWAYS_SEARCH_USER_PATHS = NO;
				ASSETCATALOG_COMPILER_GENERATE_SWIFT_ASSET_SYMBOL_EXTENSIONS = YES;
				CLANG_ANALYZER_NONNULL = YES;
				CLANG_ANALYZER_NUMBER_OBJECT_CONVERSION = YES_AGGRESSIVE;
				CLANG_CXX_LANGUAGE_STANDARD = "gnu++20";
				CLANG_ENABLE_MODULES = YES;
				CLANG_ENABLE_OBJC_ARC = YES;
				CLANG_ENABLE_OBJC_WEAK = YES;
				CLANG_WARN_BLOCK_CAPTURE_AUTORELEASING = YES;
				CLANG_WARN_BOOL_CONVERSION = YES;
				CLANG_WARN_COMMA = YES;
				CLANG_WARN_CONSTANT_CONVERSION = YES;
				CLANG_WARN_DEPRECATED_OBJC_IMPLEMENTATIONS = YES;
				CLANG_WARN_DIRECT_OBJC_ISA_USAGE = YES_ERROR;
				CLANG_WARN_DOCUMENTATION_COMMENTS = YES;
				CLANG_WARN_EMPTY_BODY = YES;
				CLANG_WARN_ENUM_CONVERSION = YES;
				CLANG_WARN_INFINITE_RECURSION = YES;
				CLANG_WARN_INT_CONVERSION = YES;
				CLANG_WARN_NON_LITERAL_NULL_CONVERSION = YES;
				CLANG_WARN_OBJC_IMPLICIT_RETAIN_SELF = YES;
				CLANG_WARN_OBJC_LITERAL_CONVERSION = YES;
				CLANG_WARN_OBJC_ROOT_CLASS = YES_ERROR;
				CLANG_WARN_QUOTED_INCLUDE_IN_FRAMEWORK_HEADER = YES;
				CLANG_WARN_RANGE_LOOP_ANALYSIS = YES;
				CLANG_WARN_STRICT_PROTOTYPES = YES;
				CLANG_WARN_SUSPICIOUS_MOVE = YES;
				CLANG_WARN_UNGUARDED_AVAILABILITY = YES_AGGRESSIVE;
				CLANG_WARN_UNREACHABLE_CODE = YES;
				CLANG_WARN__DUPLICATE_METHOD_MATCH = YES;
				COPY_PHASE_STRIP = NO;
				DEBUG_INFORMATION_FORMAT = "dwarf-with-dsym";
				ENABLE_NS_ASSERTIONS = NO;
				ENABLE_STRICT_OBJC_MSGSEND = YES;
				ENABLE_USER_SCRIPT_SANDBOXING = YES;
				GCC_C_LANGUAGE_STANDARD = gnu17;
				GCC_NO_COMMON_BLOCKS = YES;
				GCC_WARN_64_TO_32_BIT_CONVERSION = YES;
				GCC_WARN_ABOUT_RETURN_TYPE = YES_ERROR;
				GCC_WARN_UNDECLARED_SELECTOR = YES;
				GCC_WARN_UNINITIALIZED_AUTOS = YES_AGGRESSIVE;
				GCC_WARN_UNUSED_FUNCTION = YES;
				GCC_WARN_UNUSED_VARIABLE = YES;
				LOCALIZATION_PREFERS_STRING_CATALOGS = YES;
				MTL_ENABLE_DEBUG_INFO = NO;
				MTL_FAST_MATH = YES;
				SWIFT_COMPILATION_MODE = wholemodule;
			};
			name = Release;
		};
		AC1261D72F370A6A0062A07E /* Debug */ = {
			isa = XCBuildConfiguration;
			buildSettings = {
				CODE_SIGN_STYLE = Automatic;
				CURRENT_PROJECT_VERSION = 1;
				GENERATE_INFOPLIST_FILE = YES;
				INFOPLIST_FILE = "iOS (Extension)/Info.plist";
				INFOPLIST_KEY_CFBundleDisplayName = "Chat with Webpage Extension";
				INFOPLIST_KEY_NSHumanReadableCopyright = "";
				IPHONEOS_DEPLOYMENT_TARGET = 15.0;
				LD_RUNPATH_SEARCH_PATHS = (
					"$(inherited)",
					"@executable_path/Frameworks",
					"@executable_path/../../Frameworks",
				);
				MARKETING_VERSION = 1.0;
				OTHER_LDFLAGS = (
					"-framework",
					SafariServices,
				);
				PRODUCT_BUNDLE_IDENTIFIER = "com.elizaos.Chat-with-Webpage.Extension";
				PRODUCT_NAME = "Chat with Webpage Extension";
				SDKROOT = iphoneos;
				SKIP_INSTALL = YES;
				SWIFT_EMIT_LOC_STRINGS = YES;
				SWIFT_VERSION = 5.0;
				TARGETED_DEVICE_FAMILY = "1,2";
			};
			name = Debug;
		};
		AC1261D82F370A6A0062A07E /* Release */ = {
			isa = XCBuildConfiguration;
			buildSettings = {
				CODE_SIGN_STYLE = Automatic;
				CURRENT_PROJECT_VERSION = 1;
				GENERATE_INFOPLIST_FILE = YES;
				INFOPLIST_FILE = "iOS (Extension)/Info.plist";
				INFOPLIST_KEY_CFBundleDisplayName = "Chat with Webpage Extension";
				INFOPLIST_KEY_NSHumanReadableCopyright = "";
				IPHONEOS_DEPLOYMENT_TARGET = 15.0;
				LD_RUNPATH_SEARCH_PATHS = (
					"$(inherited)",
					"@executable_path/Frameworks",
					"@executable_path/../../Frameworks",
				);
				MARKETING_VERSION = 1.0;
				OTHER_LDFLAGS = (
					"-framework",
					SafariServices,
				);
				PRODUCT_BUNDLE_IDENTIFIER = "com.elizaos.Chat-with-Webpage.Extension";
				PRODUCT_NAME = "Chat with Webpage Extension";
				SDKROOT = iphoneos;
				SKIP_INSTALL = YES;
				SWIFT_EMIT_LOC_STRINGS = YES;
				SWIFT_VERSION = 5.0;
				TARGETED_DEVICE_FAMILY = "1,2";
				VALIDATE_PRODUCT = YES;
			};
			name = Release;
		};
		AC1261DB2F370A6A0062A07E /* Debug */ = {
			isa = XCBuildConfiguration;
			buildSettings = {
				ASSETCATALOG_COMPILER_APPICON_NAME = AppIcon;
				ASSETCATALOG_COMPILER_GLOBAL_ACCENT_COLOR_NAME = AccentColor;
				CODE_SIGN_STYLE = Automatic;
				CURRENT_PROJECT_VERSION = 1;
				GENERATE_INFOPLIST_FILE = YES;
				INFOPLIST_FILE = "iOS (App)/Info.plist";
				INFOPLIST_KEY_CFBundleDisplayName = "Chat with Webpage";
				INFOPLIST_KEY_UIApplicationSupportsIndirectInputEvents = YES;
				INFOPLIST_KEY_UILaunchStoryboardName = LaunchScreen;
				INFOPLIST_KEY_UIMainStoryboardFile = Main;
				INFOPLIST_KEY_UISupportedInterfaceOrientations = "UIInterfaceOrientationPortrait UIInterfaceOrientationLandscapeLeft UIInterfaceOrientationLandscapeRight";
				INFOPLIST_KEY_UISupportedInterfaceOrientations_iPad = "UIInterfaceOrientationPortrait UIInterfaceOrientationPortraitUpsideDown UIInterfaceOrientationLandscapeLeft UIInterfaceOrientationLandscapeRight";
				IPHONEOS_DEPLOYMENT_TARGET = 15.0;
				LD_RUNPATH_SEARCH_PATHS = (
					"$(inherited)",
					"@executable_path/Frameworks",
				);
				MARKETING_VERSION = 1.0;
				OTHER_LDFLAGS = (
					"-framework",
					SafariServices,
					"-framework",
					WebKit,
				);
				PRODUCT_BUNDLE_IDENTIFIER = "com.elizaos.Chat-with-Webpage";
				PRODUCT_NAME = "Chat with Webpage";
				SDKROOT = iphoneos;
				SWIFT_EMIT_LOC_STRINGS = YES;
				SWIFT_VERSION = 5.0;
				TARGETED_DEVICE_FAMILY = "1,2";
			};
			name = Debug;
		};
		AC1261DC2F370A6A0062A07E /* Release */ = {
			isa = XCBuildConfiguration;
			buildSettings = {
				ASSETCATALOG_COMPILER_APPICON_NAME = AppIcon;
				ASSETCATALOG_COMPILER_GLOBAL_ACCENT_COLOR_NAME = AccentColor;
				CODE_SIGN_STYLE = Automatic;
				CURRENT_PROJECT_VERSION = 1;
				GENERATE_INFOPLIST_FILE = YES;
				INFOPLIST_FILE = "iOS (App)/Info.plist";
				INFOPLIST_KEY_CFBundleDisplayName = "Chat with Webpage";
				INFOPLIST_KEY_UIApplicationSupportsIndirectInputEvents = YES;
				INFOPLIST_KEY_UILaunchStoryboardName = LaunchScreen;
				INFOPLIST_KEY_UIMainStoryboardFile = Main;
				INFOPLIST_KEY_UISupportedInterfaceOrientations = "UIInterfaceOrientationPortrait UIInterfaceOrientationLandscapeLeft UIInterfaceOrientationLandscapeRight";
				INFOPLIST_KEY_UISupportedInterfaceOrientations_iPad = "UIInterfaceOrientationPortrait UIInterfaceOrientationPortraitUpsideDown UIInterfaceOrientationLandscapeLeft UIInterfaceOrientationLandscapeRight";
				IPHONEOS_DEPLOYMENT_TARGET = 15.0;
				LD_RUNPATH_SEARCH_PATHS = (
					"$(inherited)",
					"@executable_path/Frameworks",
				);
				MARKETING_VERSION = 1.0;
				OTHER_LDFLAGS = (
					"-framework",
					SafariServices,
					"-framework",
					WebKit,
				);
				PRODUCT_BUNDLE_IDENTIFIER = "com.elizaos.Chat-with-Webpage";
				PRODUCT_NAME = "Chat with Webpage";
				SDKROOT = iphoneos;
				SWIFT_EMIT_LOC_STRINGS = YES;
				SWIFT_VERSION = 5.0;
				TARGETED_DEVICE_FAMILY = "1,2";
				VALIDATE_PRODUCT = YES;
			};
			name = Release;
		};
		AC1261DE2F370A6A0062A07E /* Debug */ = {
			isa = XCBuildConfiguration;
			buildSettings = {
				CODE_SIGN_ENTITLEMENTS = "macOS (Extension)/Chat with Webpage.entitlements";
				CODE_SIGN_STYLE = Automatic;
				CURRENT_PROJECT_VERSION = 1;
				ENABLE_HARDENED_RUNTIME = YES;
				GENERATE_INFOPLIST_FILE = YES;
				INFOPLIST_FILE = "macOS (Extension)/Info.plist";
				INFOPLIST_KEY_CFBundleDisplayName = "Chat with Webpage Extension";
				INFOPLIST_KEY_NSHumanReadableCopyright = "";
				LD_RUNPATH_SEARCH_PATHS = (
					"$(inherited)",
					"@executable_path/../Frameworks",
					"@executable_path/../../../../Frameworks",
				);
				MACOSX_DEPLOYMENT_TARGET = 10.14;
				MARKETING_VERSION = 1.0;
				OTHER_LDFLAGS = (
					"-framework",
					SafariServices,
				);
				PRODUCT_BUNDLE_IDENTIFIER = "com.elizaos.Chat-with-Webpage.Extension";
				PRODUCT_NAME = "Chat with Webpage Extension";
				SDKROOT = macosx;
				SKIP_INSTALL = YES;
				SWIFT_EMIT_LOC_STRINGS = YES;
				SWIFT_VERSION = 5.0;
			};
			name = Debug;
		};
		AC1261DF2F370A6A0062A07E /* Release */ = {
			isa = XCBuildConfiguration;
			buildSettings = {
				CODE_SIGN_ENTITLEMENTS = "macOS (Extension)/Chat with Webpage.entitlements";
				CODE_SIGN_STYLE = Automatic;
				CURRENT_PROJECT_VERSION = 1;
				ENABLE_HARDENED_RUNTIME = YES;
				GENERATE_INFOPLIST_FILE = YES;
				INFOPLIST_FILE = "macOS (Extension)/Info.plist";
				INFOPLIST_KEY_CFBundleDisplayName = "Chat with Webpage Extension";
				INFOPLIST_KEY_NSHumanReadableCopyright = "";
				LD_RUNPATH_SEARCH_PATHS = (
					"$(inherited)",
					"@executable_path/../Frameworks",
					"@executable_path/../../../../Frameworks",
				);
				MACOSX_DEPLOYMENT_TARGET = 10.14;
				MARKETING_VERSION = 1.0;
				OTHER_LDFLAGS = (
					"-framework",
					SafariServices,
				);
				PRODUCT_BUNDLE_IDENTIFIER = "com.elizaos.Chat-with-Webpage.Extension";
				PRODUCT_NAME = "Chat with Webpage Extension";
				SDKROOT = macosx;
				SKIP_INSTALL = YES;
				SWIFT_EMIT_LOC_STRINGS = YES;
				SWIFT_VERSION = 5.0;
			};
			name = Release;
		};
		AC1261E22F370A6A0062A07E /* Debug */ = {
			isa = XCBuildConfiguration;
			buildSettings = {
				ASSETCATALOG_COMPILER_APPICON_NAME = AppIcon;
				ASSETCATALOG_COMPILER_GLOBAL_ACCENT_COLOR_NAME = AccentColor;
				CODE_SIGN_ENTITLEMENTS = "macOS (App)/Chat with Webpage.entitlements";
				CODE_SIGN_STYLE = Automatic;
				CURRENT_PROJECT_VERSION = 1;
				ENABLE_HARDENED_RUNTIME = YES;
				GENERATE_INFOPLIST_FILE = YES;
				INFOPLIST_FILE = "macOS (App)/Info.plist";
				INFOPLIST_KEY_CFBundleDisplayName = "Chat with Webpage";
				INFOPLIST_KEY_NSMainStoryboardFile = Main;
				INFOPLIST_KEY_NSPrincipalClass = NSApplication;
				LD_RUNPATH_SEARCH_PATHS = (
					"$(inherited)",
					"@executable_path/../Frameworks",
				);
				MACOSX_DEPLOYMENT_TARGET = 10.14;
				MARKETING_VERSION = 1.0;
				OTHER_LDFLAGS = (
					"-framework",
					SafariServices,
					"-framework",
					WebKit,
				);
				PRODUCT_BUNDLE_IDENTIFIER = "com.elizaos.Chat-with-Webpage";
				PRODUCT_NAME = "Chat with Webpage";
				SDKROOT = macosx;
				SWIFT_EMIT_LOC_STRINGS = YES;
				SWIFT_VERSION = 5.0;
			};
			name = Debug;
		};
		AC1261E32F370A6A0062A07E /* Release */ = {
			isa = XCBuildConfiguration;
			buildSettings = {
				ASSETCATALOG_COMPILER_APPICON_NAME = AppIcon;
				ASSETCATALOG_COMPILER_GLOBAL_ACCENT_COLOR_NAME = AccentColor;
				CODE_SIGN_ENTITLEMENTS = "macOS (App)/Chat with Webpage.entitlements";
				CODE_SIGN_STYLE = Automatic;
				CURRENT_PROJECT_VERSION = 1;
				ENABLE_HARDENED_RUNTIME = YES;
				GENERATE_INFOPLIST_FILE = YES;
				INFOPLIST_FILE = "macOS (App)/Info.plist";
				INFOPLIST_KEY_CFBundleDisplayName = "Chat with Webpage";
				INFOPLIST_KEY_NSMainStoryboardFile = Main;
				INFOPLIST_KEY_NSPrincipalClass = NSApplication;
				LD_RUNPATH_SEARCH_PATHS = (
					"$(inherited)",
					"@executable_path/../Frameworks",
				);
				MACOSX_DEPLOYMENT_TARGET = 10.14;
				MARKETING_VERSION = 1.0;
				OTHER_LDFLAGS = (
					"-framework",
					SafariServices,
					"-framework",
					WebKit,
				);
				PRODUCT_BUNDLE_IDENTIFIER = "com.elizaos.Chat-with-Webpage";
				PRODUCT_NAME = "Chat with Webpage";
				SDKROOT = macosx;
				SWIFT_EMIT_LOC_STRINGS = YES;
				SWIFT_VERSION = 5.0;
			};
			name = Release;
		};
/* End XCBuildConfiguration section */

/* Begin XCConfigurationList section */
		AC1261862F370A640062A07E /* Build configuration list for PBXProject "Chat with Webpage" */ = {
			isa = XCConfigurationList;
			buildConfigurations = (
				AC1261D42F370A6A0062A07E /* Debug */,
				AC1261D52F370A6A0062A07E /* Release */,
			);
			defaultConfigurationIsVisible = 0;
			defaultConfigurationName = Release;
		};
		AC1261D62F370A6A0062A07E /* Build configuration list for PBXNativeTarget "Chat with Webpage Extension (iOS)" */ = {
			isa = XCConfigurationList;
			buildConfigurations = (
				AC1261D72F370A6A0062A07E /* Debug */,
				AC1261D82F370A6A0062A07E /* Release */,
			);
			defaultConfigurationIsVisible = 0;
			defaultConfigurationName = Release;
		};
		AC1261DA2F370A6A0062A07E /* Build configuration list for PBXNativeTarget "Chat with Webpage (iOS)" */ = {
			isa = XCConfigurationList;
			buildConfigurations = (
				AC1261DB2F370A6A0062A07E /* Debug */,
				AC1261DC2F370A6A0062A07E /* Release */,
			);
			defaultConfigurationIsVisible = 0;
			defaultConfigurationName = Release;
		};
		AC1261DD2F370A6A0062A07E /* Build configuration list for PBXNativeTarget "Chat with Webpage Extension (macOS)" */ = {
			isa = XCConfigurationList;
			buildConfigurations = (
				AC1261DE2F370A6A0062A07E /* Debug */,
				AC1261DF2F370A6A0062A07E /* Release */,
			);
			defaultConfigurationIsVisible = 0;
			defaultConfigurationName = Release;
		};
		AC1261E12F370A6A0062A07E /* Build configuration list for PBXNativeTarget "Chat with Webpage (macOS)" */ = {
			isa = XCConfigurationList;
			buildConfigurations = (
				AC1261E22F370A6A0062A07E /* Debug */,
				AC1261E32F370A6A0062A07E /* Release */,
			);
			defaultConfigurationIsVisible = 0;
			defaultConfigurationName = Release;
		};
/* End XCConfigurationList section */
	};
	rootObject = AC1261832F370A640062A07E /* Project object */;
}
